
Microsoft Visual Studio Solution File, Format Version 12.00
# Visual Studio 15
VisualStudioVersion = 15.0.28307.1082
MinimumVisualStudioVersion = 10.0.40219.1
Project("{FAE04EC0-301F-11D3-BF4B-00C04F79EFBC}") = "Kutuphane", "Kutuphane\Kutuphane.csproj", "{647DAB84-08B8-47E5-8741-BA94DD8875EE}"
EndProject
Global
	GlobalSection(SolutionConfigurationPlatforms) = preSolution
		Debug|Any CPU = Debug|Any CPU
		Release|Any CPU = Release|Any CPU
	EndGlobalSection
	GlobalSection(ProjectConfigurationPlatforms) = postSolution
		{647DAB84-08B8-47E5-8741-BA94DD8875EE}.Debug|Any CPU.ActiveCfg = Debug|Any CPU
		{647DAB84-08B8-47E5-8741-BA94DD8875EE}.Debug|Any CPU.Build.0 = Debug|Any CPU
		{647DAB84-08B8-47E5-8741-BA94DD8875EE}.Release|Any CPU.ActiveCfg = Release|Any CPU
		{647DAB84-08B8-47E5-8741-BA94DD8875EE}.Release|Any CPU.Build.0 = Release|Any CPU
	EndGlobalSection
	GlobalSection(SolutionProperties) = preSolution
		HideSolutionNode = FALSE
	EndGlobalSection
	GlobalSection(ExtensibilityGlobals) = postSolution
		SolutionGuid = {5619807E-0108-40BE-A3BD-0230F5337904}
	EndGlobalSection
EndGlobal
